
Microsoft Visual Studio Solution File, Format Version 12.00
# Visual Studio Version 16
VisualStudioVersion = 16.6.30114.105
MinimumVisualStudioVersion = 10.0.40219.1
Project("{FAE04EC0-301F-11D3-BF4B-00C04F79EFBC}") = "Utilities.Extensions.Mongo", "Utilities.Extensions.Mongo.csproj", "{D3075A86-630D-4FFC-B5D4-C76576290D2E}"
EndProject
Project("{2150E333-8FDC-42A3-9474-1A3956D46DE8}") = "tests", "tests", "{DEC8FE93-10A9-4B30-B515-EB35ADE4BBF9}"
EndProject
Project("{FAE04EC0-301F-11D3-BF4B-00C04F79EFBC}") = "Utilities.Extensions.Mongo.UnitTests", "tests\Utilities.Extensions.Mongo.UnitTests\Utilities.Extensions.Mongo.UnitTests.csproj", "{E12AE6AE-8501-428A-9989-C5139C324512}"
EndProject
Global
	GlobalSection(SolutionConfigurationPlatforms) = preSolution
		Debug|Any CPU = Debug|Any CPU
		Debug|x64 = Debug|x64
		Debug|x86 = Debug|x86
		Release|Any CPU = Release|Any CPU
		Release|x64 = Release|x64
		Release|x86 = Release|x86
	EndGlobalSection
	GlobalSection(SolutionProperties) = preSolution
		HideSolutionNode = FALSE
	EndGlobalSection
	GlobalSection(ProjectConfigurationPlatforms) = postSolution
		{D3075A86-630D-4FFC-B5D4-C76576290D2E}.Debug|Any CPU.ActiveCfg = Debug|Any CPU
		{D3075A86-630D-4FFC-B5D4-C76576290D2E}.Debug|Any CPU.Build.0 = Debug|Any CPU
		{D3075A86-630D-4FFC-B5D4-C76576290D2E}.Debug|x64.ActiveCfg = Debug|Any CPU
		{D3075A86-630D-4FFC-B5D4-C76576290D2E}.Debug|x64.Build.0 = Debug|Any CPU
		{D3075A86-630D-4FFC-B5D4-C76576290D2E}.Debug|x86.ActiveCfg = Debug|Any CPU
		{D3075A86-630D-4FFC-B5D4-C76576290D2E}.Debug|x86.Build.0 = Debug|Any CPU
		{D3075A86-630D-4FFC-B5D4-C76576290D2E}.Release|Any CPU.ActiveCfg = Release|Any CPU
		{D3075A86-630D-4FFC-B5D4-C76576290D2E}.Release|Any CPU.Build.0 = Release|Any CPU
		{D3075A86-630D-4FFC-B5D4-C76576290D2E}.Release|x64.ActiveCfg = Release|Any CPU
		{D3075A86-630D-4FFC-B5D4-C76576290D2E}.Release|x64.Build.0 = Release|Any CPU
		{D3075A86-630D-4FFC-B5D4-C76576290D2E}.Release|x86.ActiveCfg = Release|Any CPU
		{D3075A86-630D-4FFC-B5D4-C76576290D2E}.Release|x86.Build.0 = Release|Any CPU
		{E12AE6AE-8501-428A-9989-C5139C324512}.Debug|Any CPU.ActiveCfg = Debug|Any CPU
		{E12AE6AE-8501-428A-9989-C5139C324512}.Debug|Any CPU.Build.0 = Debug|Any CPU
		{E12AE6AE-8501-428A-9989-C5139C324512}.Debug|x64.ActiveCfg = Debug|Any CPU
		{E12AE6AE-8501-428A-9989-C5139C324512}.Debug|x64.Build.0 = Debug|Any CPU
		{E12AE6AE-8501-428A-9989-C5139C324512}.Debug|x86.ActiveCfg = Debug|Any CPU
		{E12AE6AE-8501-428A-9989-C5139C324512}.Debug|x86.Build.0 = Debug|Any CPU
		{E12AE6AE-8501-428A-9989-C5139C324512}.Release|Any CPU.ActiveCfg = Release|Any CPU
		{E12AE6AE-8501-428A-9989-C5139C324512}.Release|Any CPU.Build.0 = Release|Any CPU
		{E12AE6AE-8501-428A-9989-C5139C324512}.Release|x64.ActiveCfg = Release|Any CPU
		{E12AE6AE-8501-428A-9989-C5139C324512}.Release|x64.Build.0 = Release|Any CPU
		{E12AE6AE-8501-428A-9989-C5139C324512}.Release|x86.ActiveCfg = Release|Any CPU
		{E12AE6AE-8501-428A-9989-C5139C324512}.Release|x86.Build.0 = Release|Any CPU
	EndGlobalSection
	GlobalSection(NestedProjects) = preSolution
		{E12AE6AE-8501-428A-9989-C5139C324512} = {DEC8FE93-10A9-4B30-B515-EB35ADE4BBF9}
	EndGlobalSection
EndGlobal
